<?xml version="1.0" encoding="utf-8"?>
<Project ToolsVersion="4.0" xmlns="http://schemas.microsoft.com/developer/msbuild/2003">
  <ItemGroup>
    <Filter Include="Source Files">
      <UniqueIdentifier>{4FC737F1-C7A5-4376-A066-2A32D752A2FF}</UniqueIdentifier>
      <Extensions>cpp;c;cc;cxx;def;odl;idl;hpj;bat;asm;asmx</Extensions>
    </Filter>
    <Filter Include="Header Files">
      <UniqueIdentifier>{93995380-89BD-4b04-88EB-625FBE52EBFB}</UniqueIdentifier>
      <Extensions>h;hh;hpp;hxx;hm;inl;inc;ipp;xsd</Extensions>
    </Filter>
    <Filter Include="Resource Files">
      <UniqueIdentifier>{67DA6AB6-F800-4c08-8B7A-83BB121AAD01}</UniqueIdentifier>
      <Extensions>rc;ico;cur;bmp;dlg;rc2;rct;bin;rgs;gif;jpg;jpeg;jpe;resx;tiff;tif;png;wav;mfcribbon-ms</Extensions>
    </Filter>
  </ItemGroup>
  <ItemGroup>
    <ClCompile Include="main.cpp">
      <Filter>Source Files</Filter>
    </ClCompile>
    <ClCompile Include="box_city_game.cpp">
      <Filter>Source Files</Filter>
    </ClCompile>
    <ClCompile Include="box_city_tile_manager.cpp">
      <Filter>Source Files</Filter>
    </ClCompile>
    <ClCompile Include="box_city_tile.cpp">
      <Filter>Source Files</Filter>
    </ClCompile>
    <ClCompile Include="box_city_traffic_manager.cpp">
      <Filter>Source Files</Filter>
    </ClCompile>
    <ClCompile Include="box_city_car_control.cpp">
      <Filter>Source Files</Filter>
    </ClCompile>
    <ClCompile Include="box_city_render.cpp">
      <Filter>Source Files</Filter>
    </ClCompile>
    <ClCompile Include="box_city_resources.cpp">
      <Filter>Source Files</Filter>
    </ClCompile>
  </ItemGroup>
  <ItemGroup>
    <ClInclude Include="box_city_components.h">
      <Filter>Source Files</Filter>
    </ClInclude>
    <ClInclude Include="box_city_game.h">
      <Filter>Source Files</Filter>
    </ClInclude>
    <ClInclude Include="box_city_render.h">
      <Filter>Source Files</Filter>
    </ClInclude>
    <ClInclude Include="box_city_tile_manager.h">
      <Filter>Source Files</Filter>
    </ClInclude>
    <ClInclude Include="box_city_tile.h">
      <Filter>Source Files</Filter>
    </ClInclude>
    <ClInclude Include="box_city_descriptors.h">
      <Filter>Source Files</Filter>
    </ClInclude>
    <ClInclude Include="box_city_traffic_manager.h">
      <Filter>Source Files</Filter>
    </ClInclude>
    <ClInclude Include="box_city_car_control.h">
      <Filter>Source Files</Filter>
    </ClInclude>
    <ClInclude Include="box_city_resources.h">
      <Filter>Source Files</Filter>
    </ClInclude>
    <ClInclude Include="box_culling_common.h" />
  </ItemGroup>
  <ItemGroup>
    <Xml Include="box_city_render_passes.xml" />
  </ItemGroup>
  <ItemGroup>
    <None Include="packages.config" />
    <None Include="box_rendering.hlsl" />
    <None Include="box_culling.hlsl" />
    <None Include="build_hz.hlsl" />
    <None Include="second_pass_box_culling.hlsl" />
    <None Include="tonemapper.hlsl" />
    <None Include="constants.hlsl" />
    <None Include="bloom.hlsl" />
  </ItemGroup>
</Project>