
Microsoft Visual Studio Solution File, Format Version 12.00
# Visual Studio Version 17
VisualStudioVersion = 17.3.32922.545
MinimumVisualStudioVersion = 10.0.40219.1
Project("{8BC9CEB8-8B4A-11D0-8D11-00A0C91BC942}") = "engine", "engine\engine.vcxproj", "{30109A70-797F-43A9-9154-C1E9BB94195A}"
EndProject
Project("{8BC9CEB8-8B4A-11D0-8D11-00A0C91BC942}") = "display_test", "display_test\display_test.vcxproj", "{6FE2753A-B489-450A-8A07-1B5923D3B210}"
	ProjectSection(ProjectDependencies) = postProject
		{30109A70-797F-43A9-9154-C1E9BB94195A} = {30109A70-797F-43A9-9154-C1E9BB94195A}
	EndProjectSection
EndProject
Project("{8BC9CEB8-8B4A-11D0-8D11-00A0C91BC942}") = "render_passes_test", "render_passes_test\render_passes_test.vcxproj", "{42CA5C7B-2EE8-4218-BFEF-9E45CD7B549F}"
	ProjectSection(ProjectDependencies) = postProject
		{30109A70-797F-43A9-9154-C1E9BB94195A} = {30109A70-797F-43A9-9154-C1E9BB94195A}
	EndProjectSection
EndProject
Project("{8BC9CEB8-8B4A-11D0-8D11-00A0C91BC942}") = "ecs_test", "ecs_test\ecs_test.vcxproj", "{3BFDFCFD-F415-428A-8DEE-80252CC25775}"
	ProjectSection(ProjectDependencies) = postProject
		{30109A70-797F-43A9-9154-C1E9BB94195A} = {30109A70-797F-43A9-9154-C1E9BB94195A}
	EndProjectSection
EndProject
Project("{8BC9CEB8-8B4A-11D0-8D11-00A0C91BC942}") = "box_city", "box_city\box_city.vcxproj", "{963AA065-1945-476A-8CC9-E984AD893B19}"
	ProjectSection(ProjectDependencies) = postProject
		{30109A70-797F-43A9-9154-C1E9BB94195A} = {30109A70-797F-43A9-9154-C1E9BB94195A}
	EndProjectSection
EndProject
Global
	GlobalSection(SolutionConfigurationPlatforms) = preSolution
		Debug|x64 = Debug|x64
		Debug|x86 = Debug|x86
		Development|x64 = Development|x64
		Development|x86 = Development|x86
		Release|x64 = Release|x64
		Release|x86 = Release|x86
		Test|x64 = Test|x64
		Test|x86 = Test|x86
	EndGlobalSection
	GlobalSection(ProjectConfigurationPlatforms) = postSolution
		{30109A70-797F-43A9-9154-C1E9BB94195A}.Debug|x64.ActiveCfg = Debug|x64
		{30109A70-797F-43A9-9154-C1E9BB94195A}.Debug|x64.Build.0 = Debug|x64
		{30109A70-797F-43A9-9154-C1E9BB94195A}.Debug|x86.ActiveCfg = Debug|Win32
		{30109A70-797F-43A9-9154-C1E9BB94195A}.Debug|x86.Build.0 = Debug|Win32
		{30109A70-797F-43A9-9154-C1E9BB94195A}.Development|x64.ActiveCfg = Developer|x64
		{30109A70-797F-43A9-9154-C1E9BB94195A}.Development|x64.Build.0 = Developer|x64
		{30109A70-797F-43A9-9154-C1E9BB94195A}.Development|x86.ActiveCfg = Developer|Win32
		{30109A70-797F-43A9-9154-C1E9BB94195A}.Development|x86.Build.0 = Developer|Win32
		{30109A70-797F-43A9-9154-C1E9BB94195A}.Release|x64.ActiveCfg = Release|x64
		{30109A70-797F-43A9-9154-C1E9BB94195A}.Release|x64.Build.0 = Release|x64
		{30109A70-797F-43A9-9154-C1E9BB94195A}.Release|x86.ActiveCfg = Release|Win32
		{30109A70-797F-43A9-9154-C1E9BB94195A}.Release|x86.Build.0 = Release|Win32
		{30109A70-797F-43A9-9154-C1E9BB94195A}.Test|x64.ActiveCfg = Test|x64
		{30109A70-797F-43A9-9154-C1E9BB94195A}.Test|x64.Build.0 = Test|x64
		{30109A70-797F-43A9-9154-C1E9BB94195A}.Test|x86.ActiveCfg = Test|Win32
		{30109A70-797F-43A9-9154-C1E9BB94195A}.Test|x86.Build.0 = Test|Win32
		{6FE2753A-B489-450A-8A07-1B5923D3B210}.Debug|x64.ActiveCfg = Debug|x64
		{6FE2753A-B489-450A-8A07-1B5923D3B210}.Debug|x64.Build.0 = Debug|x64
		{6FE2753A-B489-450A-8A07-1B5923D3B210}.Debug|x86.ActiveCfg = Debug|Win32
		{6FE2753A-B489-450A-8A07-1B5923D3B210}.Debug|x86.Build.0 = Debug|Win32
		{6FE2753A-B489-450A-8A07-1B5923D3B210}.Development|x64.ActiveCfg = Developer|x64
		{6FE2753A-B489-450A-8A07-1B5923D3B210}.Development|x64.Build.0 = Developer|x64
		{6FE2753A-B489-450A-8A07-1B5923D3B210}.Development|x86.ActiveCfg = Developer|Win32
		{6FE2753A-B489-450A-8A07-1B5923D3B210}.Development|x86.Build.0 = Developer|Win32
		{6FE2753A-B489-450A-8A07-1B5923D3B210}.Release|x64.ActiveCfg = Release|x64
		{6FE2753A-B489-450A-8A07-1B5923D3B210}.Release|x64.Build.0 = Release|x64
		{6FE2753A-B489-450A-8A07-1B5923D3B210}.Release|x86.ActiveCfg = Release|Win32
		{6FE2753A-B489-450A-8A07-1B5923D3B210}.Release|x86.Build.0 = Release|Win32
		{6FE2753A-B489-450A-8A07-1B5923D3B210}.Test|x64.ActiveCfg = Test|x64
		{6FE2753A-B489-450A-8A07-1B5923D3B210}.Test|x64.Build.0 = Test|x64
		{6FE2753A-B489-450A-8A07-1B5923D3B210}.Test|x86.ActiveCfg = Test|Win32
		{6FE2753A-B489-450A-8A07-1B5923D3B210}.Test|x86.Build.0 = Test|Win32
		{42CA5C7B-2EE8-4218-BFEF-9E45CD7B549F}.Debug|x64.ActiveCfg = Debug|x64
		{42CA5C7B-2EE8-4218-BFEF-9E45CD7B549F}.Debug|x64.Build.0 = Debug|x64
		{42CA5C7B-2EE8-4218-BFEF-9E45CD7B549F}.Debug|x86.ActiveCfg = Debug|Win32
		{42CA5C7B-2EE8-4218-BFEF-9E45CD7B549F}.Debug|x86.Build.0 = Debug|Win32
		{42CA5C7B-2EE8-4218-BFEF-9E45CD7B549F}.Development|x64.ActiveCfg = Developer|x64
		{42CA5C7B-2EE8-4218-BFEF-9E45CD7B549F}.Development|x64.Build.0 = Developer|x64
		{42CA5C7B-2EE8-4218-BFEF-9E45CD7B549F}.Development|x86.ActiveCfg = Developer|Win32
		{42CA5C7B-2EE8-4218-BFEF-9E45CD7B549F}.Development|x86.Build.0 = Developer|Win32
		{42CA5C7B-2EE8-4218-BFEF-9E45CD7B549F}.Release|x64.ActiveCfg = Release|x64
		{42CA5C7B-2EE8-4218-BFEF-9E45CD7B549F}.Release|x64.Build.0 = Release|x64
		{42CA5C7B-2EE8-4218-BFEF-9E45CD7B549F}.Release|x86.ActiveCfg = Release|Win32
		{42CA5C7B-2EE8-4218-BFEF-9E45CD7B549F}.Release|x86.Build.0 = Release|Win32
		{42CA5C7B-2EE8-4218-BFEF-9E45CD7B549F}.Test|x64.ActiveCfg = Test|x64
		{42CA5C7B-2EE8-4218-BFEF-9E45CD7B549F}.Test|x64.Build.0 = Test|x64
		{42CA5C7B-2EE8-4218-BFEF-9E45CD7B549F}.Test|x86.ActiveCfg = Test|Win32
		{42CA5C7B-2EE8-4218-BFEF-9E45CD7B549F}.Test|x86.Build.0 = Test|Win32
		{3BFDFCFD-F415-428A-8DEE-80252CC25775}.Debug|x64.ActiveCfg = Debug|x64
		{3BFDFCFD-F415-428A-8DEE-80252CC25775}.Debug|x64.Build.0 = Debug|x64
		{3BFDFCFD-F415-428A-8DEE-80252CC25775}.Debug|x86.ActiveCfg = Debug|Win32
		{3BFDFCFD-F415-428A-8DEE-80252CC25775}.Debug|x86.Build.0 = Debug|Win32
		{3BFDFCFD-F415-428A-8DEE-80252CC25775}.Development|x64.ActiveCfg = Developer|x64
		{3BFDFCFD-F415-428A-8DEE-80252CC25775}.Development|x64.Build.0 = Developer|x64
		{3BFDFCFD-F415-428A-8DEE-80252CC25775}.Development|x86.ActiveCfg = Developer|Win32
		{3BFDFCFD-F415-428A-8DEE-80252CC25775}.Development|x86.Build.0 = Developer|Win32
		{3BFDFCFD-F415-428A-8DEE-80252CC25775}.Release|x64.ActiveCfg = Release|x64
		{3BFDFCFD-F415-428A-8DEE-80252CC25775}.Release|x64.Build.0 = Release|x64
		{3BFDFCFD-F415-428A-8DEE-80252CC25775}.Release|x86.ActiveCfg = Release|Win32
		{3BFDFCFD-F415-428A-8DEE-80252CC25775}.Release|x86.Build.0 = Release|Win32
		{3BFDFCFD-F415-428A-8DEE-80252CC25775}.Test|x64.ActiveCfg = Test|x64
		{3BFDFCFD-F415-428A-8DEE-80252CC25775}.Test|x64.Build.0 = Test|x64
		{3BFDFCFD-F415-428A-8DEE-80252CC25775}.Test|x86.ActiveCfg = Test|Win32
		{3BFDFCFD-F415-428A-8DEE-80252CC25775}.Test|x86.Build.0 = Test|Win32
		{963AA065-1945-476A-8CC9-E984AD893B19}.Debug|x64.ActiveCfg = Debug|x64
		{963AA065-1945-476A-8CC9-E984AD893B19}.Debug|x64.Build.0 = Debug|x64
		{963AA065-1945-476A-8CC9-E984AD893B19}.Debug|x86.ActiveCfg = Debug|Win32
		{963AA065-1945-476A-8CC9-E984AD893B19}.Debug|x86.Build.0 = Debug|Win32
		{963AA065-1945-476A-8CC9-E984AD893B19}.Development|x64.ActiveCfg = Developer|x64
		{963AA065-1945-476A-8CC9-E984AD893B19}.Development|x64.Build.0 = Developer|x64
		{963AA065-1945-476A-8CC9-E984AD893B19}.Development|x86.ActiveCfg = Developer|Win32
		{963AA065-1945-476A-8CC9-E984AD893B19}.Development|x86.Build.0 = Developer|Win32
		{963AA065-1945-476A-8CC9-E984AD893B19}.Release|x64.ActiveCfg = Release|x64
		{963AA065-1945-476A-8CC9-E984AD893B19}.Release|x64.Build.0 = Release|x64
		{963AA065-1945-476A-8CC9-E984AD893B19}.Release|x86.ActiveCfg = Release|Win32
		{963AA065-1945-476A-8CC9-E984AD893B19}.Release|x86.Build.0 = Release|Win32
		{963AA065-1945-476A-8CC9-E984AD893B19}.Test|x64.ActiveCfg = Test|x64
		{963AA065-1945-476A-8CC9-E984AD893B19}.Test|x64.Build.0 = Test|x64
		{963AA065-1945-476A-8CC9-E984AD893B19}.Test|x86.ActiveCfg = Test|Win32
		{963AA065-1945-476A-8CC9-E984AD893B19}.Test|x86.Build.0 = Test|Win32
	EndGlobalSection
	GlobalSection(SolutionProperties) = preSolution
		HideSolutionNode = FALSE
	EndGlobalSection
	GlobalSection(ExtensibilityGlobals) = postSolution
		SolutionGuid = {251DF0E7-45F1-4BB3-897A-0530260ABDF0}
	EndGlobalSection
EndGlobal
