
Microsoft Visual Studio Solution File, Format Version 12.00
# Visual Studio 15
VisualStudioVersion = 15.0.28010.2019
MinimumVisualStudioVersion = 10.0.40219.1
Project("{8BC9CEB8-8B4A-11D0-8D11-00A0C91BC942}") = "engine", "engine\engine.vcxproj", "{30109A70-797F-43A9-9154-C1E9BB94195A}"
EndProject
Project("{8BC9CEB8-8B4A-11D0-8D11-00A0C91BC942}") = "display_test", "display_test\display_test.vcxproj", "{6FE2753A-B489-450A-8A07-1B5923D3B210}"
	ProjectSection(ProjectDependencies) = postProject
		{30109A70-797F-43A9-9154-C1E9BB94195A} = {30109A70-797F-43A9-9154-C1E9BB94195A}
	EndProjectSection
EndProject
Global
	GlobalSection(SolutionConfigurationPlatforms) = preSolution
		Debug|x64 = Debug|x64
		Debug|x86 = Debug|x86
		Release|x64 = Release|x64
		Release|x86 = Release|x86
	EndGlobalSection
	GlobalSection(ProjectConfigurationPlatforms) = postSolution
		{30109A70-797F-43A9-9154-C1E9BB94195A}.Debug|x64.ActiveCfg = Debug|x64
		{30109A70-797F-43A9-9154-C1E9BB94195A}.Debug|x64.Build.0 = Debug|x64
		{30109A70-797F-43A9-9154-C1E9BB94195A}.Debug|x86.ActiveCfg = Debug|Win32
		{30109A70-797F-43A9-9154-C1E9BB94195A}.Debug|x86.Build.0 = Debug|Win32
		{30109A70-797F-43A9-9154-C1E9BB94195A}.Release|x64.ActiveCfg = Release|x64
		{30109A70-797F-43A9-9154-C1E9BB94195A}.Release|x64.Build.0 = Release|x64
		{30109A70-797F-43A9-9154-C1E9BB94195A}.Release|x86.ActiveCfg = Release|Win32
		{30109A70-797F-43A9-9154-C1E9BB94195A}.Release|x86.Build.0 = Release|Win32
		{6FE2753A-B489-450A-8A07-1B5923D3B210}.Debug|x64.ActiveCfg = Debug|x64
		{6FE2753A-B489-450A-8A07-1B5923D3B210}.Debug|x64.Build.0 = Debug|x64
		{6FE2753A-B489-450A-8A07-1B5923D3B210}.Debug|x86.ActiveCfg = Debug|Win32
		{6FE2753A-B489-450A-8A07-1B5923D3B210}.Debug|x86.Build.0 = Debug|Win32
		{6FE2753A-B489-450A-8A07-1B5923D3B210}.Release|x64.ActiveCfg = Release|x64
		{6FE2753A-B489-450A-8A07-1B5923D3B210}.Release|x64.Build.0 = Release|x64
		{6FE2753A-B489-450A-8A07-1B5923D3B210}.Release|x86.ActiveCfg = Release|Win32
		{6FE2753A-B489-450A-8A07-1B5923D3B210}.Release|x86.Build.0 = Release|Win32
	EndGlobalSection
	GlobalSection(SolutionProperties) = preSolution
		HideSolutionNode = FALSE
	EndGlobalSection
	GlobalSection(ExtensibilityGlobals) = postSolution
		SolutionGuid = {251DF0E7-45F1-4BB3-897A-0530260ABDF0}
	EndGlobalSection
EndGlobal
