<?xml version="1.0" encoding="utf-8"?>
<Project ToolsVersion="4.0" xmlns="http://schemas.microsoft.com/developer/msbuild/2003">
  <ItemGroup>
    <Filter Include="Resource Files">
      <UniqueIdentifier>{67DA6AB6-F800-4c08-8B7A-83BB121AAD01}</UniqueIdentifier>
      <Extensions>rc;ico;cur;bmp;dlg;rc2;rct;bin;rgs;gif;jpg;jpeg;jpe;resx;tiff;tif;png;wav;mfcribbon-ms</Extensions>
    </Filter>
    <Filter Include="core">
      <UniqueIdentifier>{c8afb658-95cb-443d-9465-824b92e83563}</UniqueIdentifier>
    </Filter>
    <Filter Include="display">
      <UniqueIdentifier>{93995380-89BD-4b04-88EB-625FBE52EBFB}</UniqueIdentifier>
      <Extensions>h;hh;hpp;hxx;hm;inl;inc;ipp;xsd</Extensions>
    </Filter>
    <Filter Include="tools">
      <UniqueIdentifier>{01b83e91-8355-430c-94cb-94630f5cb37c}</UniqueIdentifier>
    </Filter>
  </ItemGroup>
  <ItemGroup>
    <ClInclude Include="display\display.h">
      <Filter>display</Filter>
    </ClInclude>
    <ClInclude Include="display\display_desc.h">
      <Filter>display</Filter>
    </ClInclude>
    <ClInclude Include="display\display_enum.h">
      <Filter>display</Filter>
    </ClInclude>
    <ClInclude Include="display\display_handle.h">
      <Filter>display</Filter>
    </ClInclude>
    <ClInclude Include="display\pc_dx12\d3dx12.h">
      <Filter>display</Filter>
    </ClInclude>
    <ClInclude Include="display\pc_dx12\display_convert.h">
      <Filter>display</Filter>
    </ClInclude>
    <ClInclude Include="core\platform.h">
      <Filter>core</Filter>
    </ClInclude>
    <ClInclude Include="core\log.h">
      <Filter>core</Filter>
    </ClInclude>
    <ClInclude Include="core\handle_pool.h">
      <Filter>core</Filter>
    </ClInclude>
    <ClInclude Include="core\ring_buffer.h">
      <Filter>core</Filter>
    </ClInclude>
  </ItemGroup>
  <ItemGroup>
    <ClCompile Include="display\pc_dx12\display.cpp">
      <Filter>display</Filter>
    </ClCompile>
    <ClCompile Include="core\pc\log.cpp">
      <Filter>core</Filter>
    </ClCompile>
    <ClCompile Include="core\pc\platform.cpp">
      <Filter>core</Filter>
    </ClCompile>
  </ItemGroup>
  <ItemGroup>
    <None Include="tools\compile_root_signature.bat">
      <Filter>tools</Filter>
    </None>
    <None Include="tools\compile_shader.bat">
      <Filter>tools</Filter>
    </None>
  </ItemGroup>
</Project>