<?xml version="1.0" encoding="utf-8"?>
<Project ToolsVersion="4.0" xmlns="http://schemas.microsoft.com/developer/msbuild/2003">
  <ItemGroup>
    <Filter Include="Resource Files">
      <UniqueIdentifier>{67DA6AB6-F800-4c08-8B7A-83BB121AAD01}</UniqueIdentifier>
      <Extensions>rc;ico;cur;bmp;dlg;rc2;rct;bin;rgs;gif;jpg;jpeg;jpe;resx;tiff;tif;png;wav;mfcribbon-ms</Extensions>
    </Filter>
    <Filter Include="core">
      <UniqueIdentifier>{c8afb658-95cb-443d-9465-824b92e83563}</UniqueIdentifier>
    </Filter>
    <Filter Include="display">
      <UniqueIdentifier>{93995380-89BD-4b04-88EB-625FBE52EBFB}</UniqueIdentifier>
      <Extensions>h;hh;hpp;hxx;hm;inl;inc;ipp;xsd</Extensions>
    </Filter>
    <Filter Include="tools">
      <UniqueIdentifier>{01b83e91-8355-430c-94cb-94630f5cb37c}</UniqueIdentifier>
    </Filter>
    <Filter Include="render">
      <UniqueIdentifier>{b4bb484f-39d6-4110-bedd-ce82f36196aa}</UniqueIdentifier>
    </Filter>
    <Filter Include="ext">
      <UniqueIdentifier>{f005fe6a-cb4d-46b6-86ab-2269d271a732}</UniqueIdentifier>
    </Filter>
    <Filter Include="ext\imgui">
      <UniqueIdentifier>{9f103b2d-00d5-42e1-855b-0d62138c816f}</UniqueIdentifier>
    </Filter>
    <Filter Include="ext\tinyxml2">
      <UniqueIdentifier>{a3c8c9b3-f6cb-4403-986d-03dad38ccdb3}</UniqueIdentifier>
    </Filter>
    <Filter Include="ecs">
      <UniqueIdentifier>{5db7fbbf-26eb-4c9a-a45e-fd8a2748e404}</UniqueIdentifier>
    </Filter>
  </ItemGroup>
  <ItemGroup>
    <ClInclude Include="display\display.h">
      <Filter>display</Filter>
    </ClInclude>
    <ClInclude Include="display\display_desc.h">
      <Filter>display</Filter>
    </ClInclude>
    <ClInclude Include="display\display_enum.h">
      <Filter>display</Filter>
    </ClInclude>
    <ClInclude Include="display\display_handle.h">
      <Filter>display</Filter>
    </ClInclude>
    <ClInclude Include="display\pc_dx12\d3dx12.h">
      <Filter>display</Filter>
    </ClInclude>
    <ClInclude Include="display\pc_dx12\display_convert.h">
      <Filter>display</Filter>
    </ClInclude>
    <ClInclude Include="core\platform.h">
      <Filter>core</Filter>
    </ClInclude>
    <ClInclude Include="core\log.h">
      <Filter>core</Filter>
    </ClInclude>
    <ClInclude Include="core\handle_pool.h">
      <Filter>core</Filter>
    </ClInclude>
    <ClInclude Include="core\ring_buffer.h">
      <Filter>core</Filter>
    </ClInclude>
    <ClInclude Include="display\pc_dx12\display_common.h">
      <Filter>display</Filter>
    </ClInclude>
    <ClInclude Include="display\pc_dx12\descriptor_heap.h">
      <Filter>display</Filter>
    </ClInclude>
    <ClInclude Include="display\pc_dx12\dds_loader.h">
      <Filter>display</Filter>
    </ClInclude>
    <ClInclude Include="core\imgui_render.h">
      <Filter>core</Filter>
    </ClInclude>
    <ClInclude Include="core\simple_pool.h">
      <Filter>core</Filter>
    </ClInclude>
    <ClInclude Include="ext\imgui\imconfig.h">
      <Filter>ext\imgui</Filter>
    </ClInclude>
    <ClInclude Include="ext\imgui\imgui.h">
      <Filter>ext\imgui</Filter>
    </ClInclude>
    <ClInclude Include="ext\imgui\imgui_internal.h">
      <Filter>ext\imgui</Filter>
    </ClInclude>
    <ClInclude Include="ext\imgui\imstb_rectpack.h">
      <Filter>ext\imgui</Filter>
    </ClInclude>
    <ClInclude Include="ext\imgui\imstb_textedit.h">
      <Filter>ext\imgui</Filter>
    </ClInclude>
    <ClInclude Include="ext\imgui\imstb_truetype.h">
      <Filter>ext\imgui</Filter>
    </ClInclude>
    <ClInclude Include="ext\tinyxml2\tinyxml2.h">
      <Filter>ext\tinyxml2</Filter>
    </ClInclude>
    <ClInclude Include="render\render.h">
      <Filter>render</Filter>
    </ClInclude>
    <ClInclude Include="render\render_resource.h">
      <Filter>render</Filter>
    </ClInclude>
    <ClInclude Include="render\render_helper.h">
      <Filter>render</Filter>
    </ClInclude>
    <ClInclude Include="render\render_pass.h">
      <Filter>render</Filter>
    </ClInclude>
    <ClInclude Include="render\render_system.h">
      <Filter>render</Filter>
    </ClInclude>
    <ClInclude Include="core\string_hash.h">
      <Filter>core</Filter>
    </ClInclude>
    <ClInclude Include="ecs\entity_component_system.h">
      <Filter>ecs</Filter>
    </ClInclude>
    <ClInclude Include="ecs\entity_component_desc.h">
      <Filter>ecs</Filter>
    </ClInclude>
    <ClInclude Include="core\virtual_alloc.h">
      <Filter>core</Filter>
    </ClInclude>
  </ItemGroup>
  <ItemGroup>
    <ClCompile Include="display\pc_dx12\display.cpp">
      <Filter>display</Filter>
    </ClCompile>
    <ClCompile Include="core\pc\log.cpp">
      <Filter>core</Filter>
    </ClCompile>
    <ClCompile Include="core\pc\platform.cpp">
      <Filter>core</Filter>
    </ClCompile>
    <ClCompile Include="display\pc_dx12\display_resource.cpp">
      <Filter>display</Filter>
    </ClCompile>
    <ClCompile Include="display\pc_dx12\descriptor_heap.cpp">
      <Filter>display</Filter>
    </ClCompile>
    <ClCompile Include="display\pc_dx12\dds_loader.cpp">
      <Filter>display</Filter>
    </ClCompile>
    <ClCompile Include="core\imgui_render.cpp">
      <Filter>core</Filter>
    </ClCompile>
    <ClCompile Include="display\pc_dx12\display_context.cpp">
      <Filter>display</Filter>
    </ClCompile>
    <ClCompile Include="ext\imgui\imgui.cpp">
      <Filter>ext\imgui</Filter>
    </ClCompile>
    <ClCompile Include="ext\imgui\imgui_demo.cpp">
      <Filter>ext\imgui</Filter>
    </ClCompile>
    <ClCompile Include="ext\imgui\imgui_draw.cpp">
      <Filter>ext\imgui</Filter>
    </ClCompile>
    <ClCompile Include="ext\imgui\imgui_widgets.cpp">
      <Filter>ext\imgui</Filter>
    </ClCompile>
    <ClCompile Include="ext\tinyxml2\tinyxml2.cpp">
      <Filter>ext\tinyxml2</Filter>
    </ClCompile>
    <ClCompile Include="render\render.cpp">
      <Filter>render</Filter>
    </ClCompile>
    <ClCompile Include="render\render_resource.cpp">
      <Filter>render</Filter>
    </ClCompile>
    <ClCompile Include="render\render_pass.cpp">
      <Filter>render</Filter>
    </ClCompile>
    <ClCompile Include="core\string_hash.cpp">
      <Filter>core</Filter>
    </ClCompile>
    <ClCompile Include="ecs\entity_component_system.cpp">
      <Filter>ecs</Filter>
    </ClCompile>
    <ClCompile Include="core\pc\virtual_alloc.cpp">
      <Filter>core</Filter>
    </ClCompile>
  </ItemGroup>
  <ItemGroup>
    <None Include="tools\compile_shader.bat">
      <Filter>tools</Filter>
    </None>
  </ItemGroup>
  <ItemGroup>
    <Text Include="ext\imgui\LICENSE.txt">
      <Filter>ext\imgui</Filter>
    </Text>
  </ItemGroup>
</Project>